
Microsoft Visual Studio Solution File, Format Version 12.00
# Visual Studio Version 16
VisualStudioVersion = 16.0.29509.3
MinimumVisualStudioVersion = 10.0.40219.1
Project("{FAE04EC0-301F-11D3-BF4B-00C04F79EFBC}") = "BackBank", "BackBank\BackBank.csproj", "{D1F939F9-B2CD-4647-84D6-A7CB401D7910}"
EndProject
Global
	GlobalSection(SolutionConfigurationPlatforms) = preSolution
		Debug|Any CPU = Debug|Any CPU
		Release|Any CPU = Release|Any CPU
	EndGlobalSection
	GlobalSection(ProjectConfigurationPlatforms) = postSolution
		{D1F939F9-B2CD-4647-84D6-A7CB401D7910}.Debug|Any CPU.ActiveCfg = Debug|Any CPU
		{D1F939F9-B2CD-4647-84D6-A7CB401D7910}.Debug|Any CPU.Build.0 = Debug|Any CPU
		{D1F939F9-B2CD-4647-84D6-A7CB401D7910}.Release|Any CPU.ActiveCfg = Release|Any CPU
		{D1F939F9-B2CD-4647-84D6-A7CB401D7910}.Release|Any CPU.Build.0 = Release|Any CPU
	EndGlobalSection
	GlobalSection(SolutionProperties) = preSolution
		HideSolutionNode = FALSE
	EndGlobalSection
	GlobalSection(ExtensibilityGlobals) = postSolution
		SolutionGuid = {B74D8F87-1850-4F63-AC64-FB8AF12FEA4B}
	EndGlobalSection
EndGlobal
